
Microsoft Visual Studio Solution File, Format Version 12.00
# Visual Studio 15
VisualStudioVersion = 15.0.28307.168
MinimumVisualStudioVersion = 10.0.40219.1
Project("{9A19103F-16F7-4668-BE54-9A1E7A4F7556}") = "E12306", "E12306\E12306.csproj", "{DDBB0CA8-D0AE-40E6-8B2D-6B2F811CC5DA}"
EndProject
Global
	GlobalSection(SolutionConfigurationPlatforms) = preSolution
		Debug|Any CPU = Debug|Any CPU
		Debug|x64 = Debug|x64
		Debug|x86 = Debug|x86
		Release|Any CPU = Release|Any CPU
		Release|x64 = Release|x64
		Release|x86 = Release|x86
	EndGlobalSection
	GlobalSection(ProjectConfigurationPlatforms) = postSolution
		{DDBB0CA8-D0AE-40E6-8B2D-6B2F811CC5DA}.Debug|Any CPU.ActiveCfg = Debug|Any CPU
		{DDBB0CA8-D0AE-40E6-8B2D-6B2F811CC5DA}.Debug|Any CPU.Build.0 = Debug|Any CPU
		{DDBB0CA8-D0AE-40E6-8B2D-6B2F811CC5DA}.Debug|x64.ActiveCfg = Debug|Any CPU
		{DDBB0CA8-D0AE-40E6-8B2D-6B2F811CC5DA}.Debug|x64.Build.0 = Debug|Any CPU
		{DDBB0CA8-D0AE-40E6-8B2D-6B2F811CC5DA}.Debug|x86.ActiveCfg = Debug|Any CPU
		{DDBB0CA8-D0AE-40E6-8B2D-6B2F811CC5DA}.Debug|x86.Build.0 = Debug|Any CPU
		{DDBB0CA8-D0AE-40E6-8B2D-6B2F811CC5DA}.Release|Any CPU.ActiveCfg = Release|Any CPU
		{DDBB0CA8-D0AE-40E6-8B2D-6B2F811CC5DA}.Release|Any CPU.Build.0 = Release|Any CPU
		{DDBB0CA8-D0AE-40E6-8B2D-6B2F811CC5DA}.Release|x64.ActiveCfg = Release|Any CPU
		{DDBB0CA8-D0AE-40E6-8B2D-6B2F811CC5DA}.Release|x64.Build.0 = Release|Any CPU
		{DDBB0CA8-D0AE-40E6-8B2D-6B2F811CC5DA}.Release|x86.ActiveCfg = Release|Any CPU
		{DDBB0CA8-D0AE-40E6-8B2D-6B2F811CC5DA}.Release|x86.Build.0 = Release|Any CPU
	EndGlobalSection
	GlobalSection(SolutionProperties) = preSolution
		HideSolutionNode = FALSE
	EndGlobalSection
	GlobalSection(ExtensibilityGlobals) = postSolution
		SolutionGuid = {1793F6A5-FF6B-4B93-BE2B-A47A873537A0}
	EndGlobalSection
EndGlobal
